
Microsoft Visual Studio Solution File, Format Version 12.00
# Visual Studio Version 17
VisualStudioVersion = 17.6.33829.357
MinimumVisualStudioVersion = 10.0.40219.1
Project("{FAE04EC0-301F-11D3-BF4B-00C04F79EFBC}") = "CSharp_Bai14", "CSharp_Bai14.csproj", "{6DF337E4-3C2C-449E-88C5-BE177DECFB25}"
EndProject
Global
	GlobalSection(SolutionConfigurationPlatforms) = preSolution
		Debug|Any CPU = Debug|Any CPU
		Release|Any CPU = Release|Any CPU
	EndGlobalSection
	GlobalSection(ProjectConfigurationPlatforms) = postSolution
		{6DF337E4-3C2C-449E-88C5-BE177DECFB25}.Debug|Any CPU.ActiveCfg = Debug|Any CPU
		{6DF337E4-3C2C-449E-88C5-BE177DECFB25}.Debug|Any CPU.Build.0 = Debug|Any CPU
		{6DF337E4-3C2C-449E-88C5-BE177DECFB25}.Release|Any CPU.ActiveCfg = Release|Any CPU
		{6DF337E4-3C2C-449E-88C5-BE177DECFB25}.Release|Any CPU.Build.0 = Release|Any CPU
	EndGlobalSection
	GlobalSection(SolutionProperties) = preSolution
		HideSolutionNode = FALSE
	EndGlobalSection
	GlobalSection(ExtensibilityGlobals) = postSolution
		SolutionGuid = {96021AD2-D08A-439A-A425-13E76D87078B}
	EndGlobalSection
EndGlobal
